
Microsoft Visual Studio Solution File, Format Version 12.00
# Visual Studio Version 17
VisualStudioVersion = 17.5.33627.172
MinimumVisualStudioVersion = 10.0.40219.1
Project("{FAE04EC0-301F-11D3-BF4B-00C04F79EFBC}") = "StringReverse", "StringBuilder\StringReverse.csproj", "{26145AF1-EDC2-441E-98D7-99373298EDB0}"
EndProject
Global
	GlobalSection(SolutionConfigurationPlatforms) = preSolution
		Debug|Any CPU = Debug|Any CPU
		Release|Any CPU = Release|Any CPU
	EndGlobalSection
	GlobalSection(ProjectConfigurationPlatforms) = postSolution
		{26145AF1-EDC2-441E-98D7-99373298EDB0}.Debug|Any CPU.ActiveCfg = Debug|Any CPU
		{26145AF1-EDC2-441E-98D7-99373298EDB0}.Debug|Any CPU.Build.0 = Debug|Any CPU
		{26145AF1-EDC2-441E-98D7-99373298EDB0}.Release|Any CPU.ActiveCfg = Release|Any CPU
		{26145AF1-EDC2-441E-98D7-99373298EDB0}.Release|Any CPU.Build.0 = Release|Any CPU
	EndGlobalSection
	GlobalSection(SolutionProperties) = preSolution
		HideSolutionNode = FALSE
	EndGlobalSection
	GlobalSection(ExtensibilityGlobals) = postSolution
		SolutionGuid = {B3BC5061-6382-4146-B2DA-EDAFE7BBB22C}
	EndGlobalSection
EndGlobal
